# THIS IS AN AUTOGENERATED FILE. DO NOT EDIT THIS FILE DIRECTLY.
# yarn lockfile v1


"@firebase/app-types@^0.3.2":
  version "0.3.2"
  resolved "https://registry.yarnpkg.com/@firebase/app-types/-/app-types-0.3.2.tgz#a92dc544290e2893bd8c02a81e684dae3d8e7c85"
  integrity sha512-ZD8lTgW07NGgo75bTyBJA8Lt9+NweNzot7lrsBtIvfciwUzaFJLsv2EShqjBeuhF7RpG6YFucJ6m67w5buCtzw==
