# THIS IS AN AUTOGENERATED FILE. DO NOT EDIT THIS FILE DIRECTLY.
# yarn lockfile v1


"@firebase/app-types@^0.3.3":
  version "0.3.3"
  resolved "https://registry.yarnpkg.com/@firebase/app-types/-/app-types-0.3.3.tgz#87659dd4cce8d1e341c717c61bd654998ac7142b"
  integrity sha512-mMcYitdEdzKOzEevHtECVepiqncSZBxRdI9r/LcJfx5ai4529UufpoLz15CnKLHEqkSB3OQqlZbI78xpZNQPPA==
